// !$*UTF8*$!
{
	archiveVersion = 1;
	classes = {
	};
	objectVersion = 56;
	objects = {

/* Begin PBXBuildFile section */
		8411737B2A8B74420051D99F /* AddEventVC.swift in Sources */ = {isa = PBXBuildFile; fileRef = 8411737A2A8B74420051D99F /* AddEventVC.swift */; };
		8411737E2A8B7F330051D99F /* Realm in Frameworks */ = {isa = PBXBuildFile; productRef = 8411737D2A8B7F330051D99F /* Realm */; };
		841173802A8B7F330051D99F /* RealmSwift in Frameworks */ = {isa = PBXBuildFile; productRef = 8411737F2A8B7F330051D99F /* RealmSwift */; };
		841173832A8B80B30051D99F /* AddEventVM.swift in Sources */ = {isa = PBXBuildFile; fileRef = 841173822A8B80B30051D99F /* AddEventVM.swift */; };
		84677BD32A8A9477002B6CDD /* AppDelegate.swift in Sources */ = {isa = PBXBuildFile; fileRef = 84677BD22A8A9477002B6CDD /* AppDelegate.swift */; };
		84677BD52A8A9477002B6CDD /* SceneDelegate.swift in Sources */ = {isa = PBXBuildFile; fileRef = 84677BD42A8A9477002B6CDD /* SceneDelegate.swift */; };
		84677BD72A8A9477002B6CDD /* EventsVC.swift in Sources */ = {isa = PBXBuildFile; fileRef = 84677BD62A8A9477002B6CDD /* EventsVC.swift */; };
		84677BDA2A8A9477002B6CDD /* Main.storyboard in Resources */ = {isa = PBXBuildFile; fileRef = 84677BD82A8A9477002B6CDD /* Main.storyboard */; };
		84677BDD2A8A9477002B6CDD /* MGEventApp.xcdatamodeld in Sources */ = {isa = PBXBuildFile; fileRef = 84677BDB2A8A9477002B6CDD /* MGEventApp.xcdatamodeld */; };
		84677BDF2A8A9478002B6CDD /* Assets.xcassets in Resources */ = {isa = PBXBuildFile; fileRef = 84677BDE2A8A9478002B6CDD /* Assets.xcassets */; };
		84677BE22A8A9478002B6CDD /* LaunchScreen.storyboard in Resources */ = {isa = PBXBuildFile; fileRef = 84677BE02A8A9478002B6CDD /* LaunchScreen.storyboard */; };
		84677BEB2A8A9861002B6CDD /* Colors.xcassets in Resources */ = {isa = PBXBuildFile; fileRef = 84677BEA2A8A9861002B6CDD /* Colors.xcassets */; };
		84677BF22A8AA1D3002B6CDD /* Colors.swift in Sources */ = {isa = PBXBuildFile; fileRef = 84677BF12A8AA1D3002B6CDD /* Colors.swift */; };
		84677BF52A8AA5D6002B6CDD /* BaseVC.swift in Sources */ = {isa = PBXBuildFile; fileRef = 84677BF42A8AA5D6002B6CDD /* BaseVC.swift */; };
		84677BF82A8AA8EC002B6CDD /* AddEventVC + Extensions.swift in Sources */ = {isa = PBXBuildFile; fileRef = 84677BF72A8AA8EC002B6CDD /* AddEventVC + Extensions.swift */; };
		84677BFB2A8AA9EF002B6CDD /* EventsVM.swift in Sources */ = {isa = PBXBuildFile; fileRef = 84677BFA2A8AA9EF002B6CDD /* EventsVM.swift */; };
		84677BFE2A8AACA9002B6CDD /* EventModel.swift in Sources */ = {isa = PBXBuildFile; fileRef = 84677BFD2A8AACA9002B6CDD /* EventModel.swift */; };
		84677C012A8AB231002B6CDD /* EventTableViewCell.swift in Sources */ = {isa = PBXBuildFile; fileRef = 84677C002A8AB231002B6CDD /* EventTableViewCell.swift */; };
		84AC56B92A8BA7E700041936 /* Constants.swift in Sources */ = {isa = PBXBuildFile; fileRef = 84AC56B82A8BA7E700041936 /* Constants.swift */; };
		84AC56BE2A8BAA7600041936 /* Storyboards.swift in Sources */ = {isa = PBXBuildFile; fileRef = 84AC56BD2A8BAA7600041936 /* Storyboards.swift */; };
		84AC56C12A8BAAEA00041936 /* UIStoryboard + Extension.swift in Sources */ = {isa = PBXBuildFile; fileRef = 84AC56C02A8BAAEA00041936 /* UIStoryboard + Extension.swift */; };
		C538DFF7D258EDF44F9F3F07 /* Pods_MGEventApp.framework in Frameworks */ = {isa = PBXBuildFile; fileRef = 978A2BEAB34C1315AB825A7D /* Pods_MGEventApp.framework */; };
/* End PBXBuildFile section */

/* Begin PBXFileReference section */
		1F78D616AD9AD67F64F6944D /* Pods-MGEventApp.release.xcconfig */ = {isa = PBXFileReference; includeInIndex = 1; lastKnownFileType = text.xcconfig; name = "Pods-MGEventApp.release.xcconfig"; path = "Target Support Files/Pods-MGEventApp/Pods-MGEventApp.release.xcconfig"; sourceTree = "<group>"; };
		8411737A2A8B74420051D99F /* AddEventVC.swift */ = {isa = PBXFileReference; lastKnownFileType = sourcecode.swift; path = AddEventVC.swift; sourceTree = "<group>"; };
		841173822A8B80B30051D99F /* AddEventVM.swift */ = {isa = PBXFileReference; lastKnownFileType = sourcecode.swift; path = AddEventVM.swift; sourceTree = "<group>"; };
		84677BCF2A8A9477002B6CDD /* MGEventApp.app */ = {isa = PBXFileReference; explicitFileType = wrapper.application; includeInIndex = 0; path = MGEventApp.app; sourceTree = BUILT_PRODUCTS_DIR; };
		84677BD22A8A9477002B6CDD /* AppDelegate.swift */ = {isa = PBXFileReference; lastKnownFileType = sourcecode.swift; path = AppDelegate.swift; sourceTree = "<group>"; };
		84677BD42A8A9477002B6CDD /* SceneDelegate.swift */ = {isa = PBXFileReference; lastKnownFileType = sourcecode.swift; path = SceneDelegate.swift; sourceTree = "<group>"; };
		84677BD62A8A9477002B6CDD /* EventsVC.swift */ = {isa = PBXFileReference; lastKnownFileType = sourcecode.swift; path = EventsVC.swift; sourceTree = "<group>"; };
		84677BD92A8A9477002B6CDD /* Base */ = {isa = PBXFileReference; lastKnownFileType = file.storyboard; name = Base; path = Base.lproj/Main.storyboard; sourceTree = "<group>"; };
		84677BDC2A8A9477002B6CDD /* MGEventApp.xcdatamodel */ = {isa = PBXFileReference; lastKnownFileType = wrapper.xcdatamodel; path = MGEventApp.xcdatamodel; sourceTree = "<group>"; };
		84677BDE2A8A9478002B6CDD /* Assets.xcassets */ = {isa = PBXFileReference; lastKnownFileType = folder.assetcatalog; path = Assets.xcassets; sourceTree = "<group>"; };
		84677BE12A8A9478002B6CDD /* Base */ = {isa = PBXFileReference; lastKnownFileType = file.storyboard; name = Base; path = Base.lproj/LaunchScreen.storyboard; sourceTree = "<group>"; };
		84677BE32A8A9478002B6CDD /* Info.plist */ = {isa = PBXFileReference; lastKnownFileType = text.plist.xml; path = Info.plist; sourceTree = "<group>"; };
		84677BEA2A8A9861002B6CDD /* Colors.xcassets */ = {isa = PBXFileReference; lastKnownFileType = folder.assetcatalog; path = Colors.xcassets; sourceTree = "<group>"; };
		84677BF12A8AA1D3002B6CDD /* Colors.swift */ = {isa = PBXFileReference; lastKnownFileType = sourcecode.swift; path = Colors.swift; sourceTree = "<group>"; };
		84677BF42A8AA5D6002B6CDD /* BaseVC.swift */ = {isa = PBXFileReference; lastKnownFileType = sourcecode.swift; path = BaseVC.swift; sourceTree = "<group>"; };
		84677BF72A8AA8EC002B6CDD /* AddEventVC + Extensions.swift */ = {isa = PBXFileReference; lastKnownFileType = sourcecode.swift; path = "AddEventVC + Extensions.swift"; sourceTree = "<group>"; };
		84677BFA2A8AA9EF002B6CDD /* EventsVM.swift */ = {isa = PBXFileReference; lastKnownFileType = sourcecode.swift; path = EventsVM.swift; sourceTree = "<group>"; };
		84677BFD2A8AACA9002B6CDD /* EventModel.swift */ = {isa = PBXFileReference; lastKnownFileType = sourcecode.swift; path = EventModel.swift; sourceTree = "<group>"; };
		84677C002A8AB231002B6CDD /* EventTableViewCell.swift */ = {isa = PBXFileReference; lastKnownFileType = sourcecode.swift; path = EventTableViewCell.swift; sourceTree = "<group>"; };
		84AC56B82A8BA7E700041936 /* Constants.swift */ = {isa = PBXFileReference; lastKnownFileType = sourcecode.swift; path = Constants.swift; sourceTree = "<group>"; };
		84AC56BD2A8BAA7600041936 /* Storyboards.swift */ = {isa = PBXFileReference; lastKnownFileType = sourcecode.swift; path = Storyboards.swift; sourceTree = "<group>"; };
		84AC56C02A8BAAEA00041936 /* UIStoryboard + Extension.swift */ = {isa = PBXFileReference; lastKnownFileType = sourcecode.swift; path = "UIStoryboard + Extension.swift"; sourceTree = "<group>"; };
		978A2BEAB34C1315AB825A7D /* Pods_MGEventApp.framework */ = {isa = PBXFileReference; explicitFileType = wrapper.framework; includeInIndex = 0; path = Pods_MGEventApp.framework; sourceTree = BUILT_PRODUCTS_DIR; };
		E5D714B659A7FF4280820B0E /* Pods-MGEventApp.debug.xcconfig */ = {isa = PBXFileReference; includeInIndex = 1; lastKnownFileType = text.xcconfig; name = "Pods-MGEventApp.debug.xcconfig"; path = "Target Support Files/Pods-MGEventApp/Pods-MGEventApp.debug.xcconfig"; sourceTree = "<group>"; };
/* End PBXFileReference section */

/* Begin PBXFrameworksBuildPhase section */
		84677BCC2A8A9477002B6CDD /* Frameworks */ = {
			isa = PBXFrameworksBuildPhase;
			buildActionMask = 2147483647;
			files = (
				841173802A8B7F330051D99F /* RealmSwift in Frameworks */,
				8411737E2A8B7F330051D99F /* Realm in Frameworks */,
				C538DFF7D258EDF44F9F3F07 /* Pods_MGEventApp.framework in Frameworks */,
			);
			runOnlyForDeploymentPostprocessing = 0;
		};
/* End PBXFrameworksBuildPhase section */

/* Begin PBXGroup section */
		841173782A8B74030051D99F /* AddEventScene */ = {
			isa = PBXGroup;
			children = (
				841173812A8B807D0051D99F /* ViewModel */,
				841173792A8B74110051D99F /* View */,
			);
			path = AddEventScene;
			sourceTree = "<group>";
		};
		841173792A8B74110051D99F /* View */ = {
			isa = PBXGroup;
			children = (
				8411737A2A8B74420051D99F /* AddEventVC.swift */,
			);
			path = View;
			sourceTree = "<group>";
		};
		841173812A8B807D0051D99F /* ViewModel */ = {
			isa = PBXGroup;
			children = (
				841173822A8B80B30051D99F /* AddEventVM.swift */,
			);
			path = ViewModel;
			sourceTree = "<group>";
		};
		84677BC62A8A9477002B6CDD = {
			isa = PBXGroup;
			children = (
				84677BD12A8A9477002B6CDD /* MGEventApp */,
				84677BD02A8A9477002B6CDD /* Products */,
				8651544F0E3F7A4B8A95407A /* Pods */,
				E584F0536812E1CA2A9FA33A /* Frameworks */,
			);
			sourceTree = "<group>";
		};
		84677BD02A8A9477002B6CDD /* Products */ = {
			isa = PBXGroup;
			children = (
				84677BCF2A8A9477002B6CDD /* MGEventApp.app */,
			);
			name = Products;
			sourceTree = "<group>";
		};
		84677BD12A8A9477002B6CDD /* MGEventApp */ = {
			isa = PBXGroup;
			children = (
				84AC56BF2A8BAAD800041936 /* Extensions */,
				84AC56B72A8BA7D300041936 /* Constants */,
				84677BF32A8AA5C6002B6CDD /* BaseManager */,
				84677BE92A8A9486002B6CDD /* AppDelegate */,
				84677BEE2A8A98FD002B6CDD /* UIScenes */,
				84677BED2A8A98E5002B6CDD /* Storyboards */,
				84677BEC2A8A98CB002B6CDD /* Resources */,
				84677BE32A8A9478002B6CDD /* Info.plist */,
				84677BDB2A8A9477002B6CDD /* MGEventApp.xcdatamodeld */,
			);
			path = MGEventApp;
			sourceTree = "<group>";
		};
		84677BE92A8A9486002B6CDD /* AppDelegate */ = {
			isa = PBXGroup;
			children = (
				84677BD42A8A9477002B6CDD /* SceneDelegate.swift */,
				84677BD22A8A9477002B6CDD /* AppDelegate.swift */,
			);
			path = AppDelegate;
			sourceTree = "<group>";
		};
		84677BEC2A8A98CB002B6CDD /* Resources */ = {
			isa = PBXGroup;
			children = (
				84AC56BC2A8BAA6000041936 /* Storyboards */,
				84677BE02A8A9478002B6CDD /* LaunchScreen.storyboard */,
				84677BEA2A8A9861002B6CDD /* Colors.xcassets */,
				84677BDE2A8A9478002B6CDD /* Assets.xcassets */,
				84677BF12A8AA1D3002B6CDD /* Colors.swift */,
			);
			path = Resources;
			sourceTree = "<group>";
		};
		84677BED2A8A98E5002B6CDD /* Storyboards */ = {
			isa = PBXGroup;
			children = (
				84677BD82A8A9477002B6CDD /* Main.storyboard */,
			);
			path = Storyboards;
			sourceTree = "<group>";
		};
		84677BEE2A8A98FD002B6CDD /* UIScenes */ = {
			isa = PBXGroup;
			children = (
				841173782A8B74030051D99F /* AddEventScene */,
				84677BEF2A8A990F002B6CDD /* EventsScene */,
			);
			path = UIScenes;
			sourceTree = "<group>";
		};
		84677BEF2A8A990F002B6CDD /* EventsScene */ = {
			isa = PBXGroup;
			children = (
				84677BF62A8AA8CA002B6CDD /* Extensions */,
				84677BFC2A8AAC89002B6CDD /* Models */,
				84677BF02A8A991C002B6CDD /* View */,
				84677BF92A8AA9B1002B6CDD /* ViewModel */,
			);
			path = EventsScene;
			sourceTree = "<group>";
		};
		84677BF02A8A991C002B6CDD /* View */ = {
			isa = PBXGroup;
			children = (
				84677BFF2A8AB21B002B6CDD /* Cells */,
				84677BD62A8A9477002B6CDD /* EventsVC.swift */,
			);
			path = View;
			sourceTree = "<group>";
		};
		84677BF32A8AA5C6002B6CDD /* BaseManager */ = {
			isa = PBXGroup;
			children = (
				84677BF42A8AA5D6002B6CDD /* BaseVC.swift */,
			);
			path = BaseManager;
			sourceTree = "<group>";
		};
		84677BF62A8AA8CA002B6CDD /* Extensions */ = {
			isa = PBXGroup;
			children = (
				84677BF72A8AA8EC002B6CDD /* AddEventVC + Extensions.swift */,
			);
			path = Extensions;
			sourceTree = "<group>";
		};
		84677BF92A8AA9B1002B6CDD /* ViewModel */ = {
			isa = PBXGroup;
			children = (
				84677BFA2A8AA9EF002B6CDD /* EventsVM.swift */,
			);
			path = ViewModel;
			sourceTree = "<group>";
		};
		84677BFC2A8AAC89002B6CDD /* Models */ = {
			isa = PBXGroup;
			children = (
				84677BFD2A8AACA9002B6CDD /* EventModel.swift */,
			);
			path = Models;
			sourceTree = "<group>";
		};
		84677BFF2A8AB21B002B6CDD /* Cells */ = {
			isa = PBXGroup;
			children = (
				84677C002A8AB231002B6CDD /* EventTableViewCell.swift */,
			);
			path = Cells;
			sourceTree = "<group>";
		};
		84AC56B72A8BA7D300041936 /* Constants */ = {
			isa = PBXGroup;
			children = (
				84AC56B82A8BA7E700041936 /* Constants.swift */,
			);
			path = Constants;
			sourceTree = "<group>";
		};
		84AC56BC2A8BAA6000041936 /* Storyboards */ = {
			isa = PBXGroup;
			children = (
				84AC56BD2A8BAA7600041936 /* Storyboards.swift */,
			);
			path = Storyboards;
			sourceTree = "<group>";
		};
		84AC56BF2A8BAAD800041936 /* Extensions */ = {
			isa = PBXGroup;
			children = (
				84AC56C02A8BAAEA00041936 /* UIStoryboard + Extension.swift */,
			);
			path = Extensions;
			sourceTree = "<group>";
		};
		8651544F0E3F7A4B8A95407A /* Pods */ = {
			isa = PBXGroup;
			children = (
				E5D714B659A7FF4280820B0E /* Pods-MGEventApp.debug.xcconfig */,
				1F78D616AD9AD67F64F6944D /* Pods-MGEventApp.release.xcconfig */,
			);
			path = Pods;
			sourceTree = "<group>";
		};
		E584F0536812E1CA2A9FA33A /* Frameworks */ = {
			isa = PBXGroup;
			children = (
				978A2BEAB34C1315AB825A7D /* Pods_MGEventApp.framework */,
			);
			name = Frameworks;
			sourceTree = "<group>";
		};
/* End PBXGroup section */

/* Begin PBXNativeTarget section */
		84677BCE2A8A9477002B6CDD /* MGEventApp */ = {
			isa = PBXNativeTarget;
			buildConfigurationList = 84677BE62A8A9478002B6CDD /* Build configuration list for PBXNativeTarget "MGEventApp" */;
			buildPhases = (
				13E7EB2F15695DB18485EB5D /* [CP] Check Pods Manifest.lock */,
				84677BCB2A8A9477002B6CDD /* Sources */,
				84677BCC2A8A9477002B6CDD /* Frameworks */,
				84677BCD2A8A9477002B6CDD /* Resources */,
				912426F6D9759F7FAAD6592F /* [CP] Embed Pods Frameworks */,
			);
			buildRules = (
			);
			dependencies = (
			);
			name = MGEventApp;
			packageProductDependencies = (
				8411737D2A8B7F330051D99F /* Realm */,
				8411737F2A8B7F330051D99F /* RealmSwift */,
			);
			productName = MGEventApp;
			productReference = 84677BCF2A8A9477002B6CDD /* MGEventApp.app */;
			productType = "com.apple.product-type.application";
		};
/* End PBXNativeTarget section */

/* Begin PBXProject section */
		84677BC72A8A9477002B6CDD /* Project object */ = {
			isa = PBXProject;
			attributes = {
				BuildIndependentTargetsInParallel = 1;
				LastSwiftUpdateCheck = 1430;
				LastUpgradeCheck = 1430;
				TargetAttributes = {
					84677BCE2A8A9477002B6CDD = {
						CreatedOnToolsVersion = 14.3.1;
					};
				};
			};
			buildConfigurationList = 84677BCA2A8A9477002B6CDD /* Build configuration list for PBXProject "MGEventApp" */;
			compatibilityVersion = "Xcode 14.0";
			developmentRegion = en;
			hasScannedForEncodings = 0;
			knownRegions = (
				en,
				Base,
			);
			mainGroup = 84677BC62A8A9477002B6CDD;
			packageReferences = (
				8411737C2A8B7F330051D99F /* XCRemoteSwiftPackageReference "realm-swift" */,
			);
			productRefGroup = 84677BD02A8A9477002B6CDD /* Products */;
			projectDirPath = "";
			projectRoot = "";
			targets = (
				84677BCE2A8A9477002B6CDD /* MGEventApp */,
			);
		};
/* End PBXProject section */

/* Begin PBXResourcesBuildPhase section */
		84677BCD2A8A9477002B6CDD /* Resources */ = {
			isa = PBXResourcesBuildPhase;
			buildActionMask = 2147483647;
			files = (
				84677BE22A8A9478002B6CDD /* LaunchScreen.storyboard in Resources */,
				84677BEB2A8A9861002B6CDD /* Colors.xcassets in Resources */,
				84677BDF2A8A9478002B6CDD /* Assets.xcassets in Resources */,
				84677BDA2A8A9477002B6CDD /* Main.storyboard in Resources */,
			);
			runOnlyForDeploymentPostprocessing = 0;
		};
/* End PBXResourcesBuildPhase section */

/* Begin PBXShellScriptBuildPhase section */
		13E7EB2F15695DB18485EB5D /* [CP] Check Pods Manifest.lock */ = {
			isa = PBXShellScriptBuildPhase;
			buildActionMask = 2147483647;
			files = (
			);
			inputFileListPaths = (
			);
			inputPaths = (
				"${PODS_PODFILE_DIR_PATH}/Podfile.lock",
				"${PODS_ROOT}/Manifest.lock",
			);
			name = "[CP] Check Pods Manifest.lock";
			outputFileListPaths = (
			);
			outputPaths = (
				"$(DERIVED_FILE_DIR)/Pods-MGEventApp-checkManifestLockResult.txt",
			);
			runOnlyForDeploymentPostprocessing = 0;
			shellPath = /bin/sh;
			shellScript = "diff \"${PODS_PODFILE_DIR_PATH}/Podfile.lock\" \"${PODS_ROOT}/Manifest.lock\" > /dev/null\nif [ $? != 0 ] ; then\n    # print error to STDERR\n    echo \"error: The sandbox is not in sync with the Podfile.lock. Run 'pod install' or update your CocoaPods installation.\" >&2\n    exit 1\nfi\n# This output is used by Xcode 'outputs' to avoid re-running this script phase.\necho \"SUCCESS\" > \"${SCRIPT_OUTPUT_FILE_0}\"\n";
			showEnvVarsInLog = 0;
		};
		912426F6D9759F7FAAD6592F /* [CP] Embed Pods Frameworks */ = {
			isa = PBXShellScriptBuildPhase;
			buildActionMask = 2147483647;
			files = (
			);
			inputFileListPaths = (
				"${PODS_ROOT}/Target Support Files/Pods-MGEventApp/Pods-MGEventApp-frameworks-${CONFIGURATION}-input-files.xcfilelist",
			);
			name = "[CP] Embed Pods Frameworks";
			outputFileListPaths = (
				"${PODS_ROOT}/Target Support Files/Pods-MGEventApp/Pods-MGEventApp-frameworks-${CONFIGURATION}-output-files.xcfilelist",
			);
			runOnlyForDeploymentPostprocessing = 0;
			shellPath = /bin/sh;
			shellScript = "\"${PODS_ROOT}/Target Support Files/Pods-MGEventApp/Pods-MGEventApp-frameworks.sh\"\n";
			showEnvVarsInLog = 0;
		};
/* End PBXShellScriptBuildPhase section */

/* Begin PBXSourcesBuildPhase section */
		84677BCB2A8A9477002B6CDD /* Sources */ = {
			isa = PBXSourcesBuildPhase;
			buildActionMask = 2147483647;
			files = (
				84677BD72A8A9477002B6CDD /* EventsVC.swift in Sources */,
				841173832A8B80B30051D99F /* AddEventVM.swift in Sources */,
				84677BFE2A8AACA9002B6CDD /* EventModel.swift in Sources */,
				84677BFB2A8AA9EF002B6CDD /* EventsVM.swift in Sources */,
				84677BF82A8AA8EC002B6CDD /* AddEventVC + Extensions.swift in Sources */,
				84677BF52A8AA5D6002B6CDD /* BaseVC.swift in Sources */,
				84AC56BE2A8BAA7600041936 /* Storyboards.swift in Sources */,
				84AC56C12A8BAAEA00041936 /* UIStoryboard + Extension.swift in Sources */,
				84677BF22A8AA1D3002B6CDD /* Colors.swift in Sources */,
				84AC56B92A8BA7E700041936 /* Constants.swift in Sources */,
				8411737B2A8B74420051D99F /* AddEventVC.swift in Sources */,
				84677BD32A8A9477002B6CDD /* AppDelegate.swift in Sources */,
				84677BDD2A8A9477002B6CDD /* MGEventApp.xcdatamodeld in Sources */,
				84677C012A8AB231002B6CDD /* EventTableViewCell.swift in Sources */,
				84677BD52A8A9477002B6CDD /* SceneDelegate.swift in Sources */,
			);
			runOnlyForDeploymentPostprocessing = 0;
		};
/* End PBXSourcesBuildPhase section */

/* Begin PBXVariantGroup section */
		84677BD82A8A9477002B6CDD /* Main.storyboard */ = {
			isa = PBXVariantGroup;
			children = (
				84677BD92A8A9477002B6CDD /* Base */,
			);
			name = Main.storyboard;
			sourceTree = "<group>";
		};
		84677BE02A8A9478002B6CDD /* LaunchScreen.storyboard */ = {
			isa = PBXVariantGroup;
			children = (
				84677BE12A8A9478002B6CDD /* Base */,
			);
			name = LaunchScreen.storyboard;
			sourceTree = "<group>";
		};
/* End PBXVariantGroup section */

/* Begin XCBuildConfiguration section */
		84677BE42A8A9478002B6CDD /* Debug */ = {
			isa = XCBuildConfiguration;
			buildSettings = {
				ALWAYS_SEARCH_USER_PATHS = NO;
				CLANG_ANALYZER_NONNULL = YES;
				CLANG_ANALYZER_NUMBER_OBJECT_CONVERSION = YES_AGGRESSIVE;
				CLANG_CXX_LANGUAGE_STANDARD = "gnu++20";
				CLANG_ENABLE_MODULES = YES;
				CLANG_ENABLE_OBJC_ARC = YES;
				CLANG_ENABLE_OBJC_WEAK = YES;
				CLANG_WARN_BLOCK_CAPTURE_AUTORELEASING = YES;
				CLANG_WARN_BOOL_CONVERSION = YES;
				CLANG_WARN_COMMA = YES;
				CLANG_WARN_CONSTANT_CONVERSION = YES;
				CLANG_WARN_DEPRECATED_OBJC_IMPLEMENTATIONS = YES;
				CLANG_WARN_DIRECT_OBJC_ISA_USAGE = YES_ERROR;
				CLANG_WARN_DOCUMENTATION_COMMENTS = YES;
				CLANG_WARN_EMPTY_BODY = YES;
				CLANG_WARN_ENUM_CONVERSION = YES;
				CLANG_WARN_INFINITE_RECURSION = YES;
				CLANG_WARN_INT_CONVERSION = YES;
				CLANG_WARN_NON_LITERAL_NULL_CONVERSION = YES;
				CLANG_WARN_OBJC_IMPLICIT_RETAIN_SELF = YES;
				CLANG_WARN_OBJC_LITERAL_CONVERSION = YES;
				CLANG_WARN_OBJC_ROOT_CLASS = YES_ERROR;
				CLANG_WARN_QUOTED_INCLUDE_IN_FRAMEWORK_HEADER = YES;
				CLANG_WARN_RANGE_LOOP_ANALYSIS = YES;
				CLANG_WARN_STRICT_PROTOTYPES = YES;
				CLANG_WARN_SUSPICIOUS_MOVE = YES;
				CLANG_WARN_UNGUARDED_AVAILABILITY = YES_AGGRESSIVE;
				CLANG_WARN_UNREACHABLE_CODE = YES;
				CLANG_WARN__DUPLICATE_METHOD_MATCH = YES;
				COPY_PHASE_STRIP = NO;
				DEBUG_INFORMATION_FORMAT = dwarf;
				ENABLE_STRICT_OBJC_MSGSEND = YES;
				ENABLE_TESTABILITY = YES;
				GCC_C_LANGUAGE_STANDARD = gnu11;
				GCC_DYNAMIC_NO_PIC = NO;
				GCC_NO_COMMON_BLOCKS = YES;
				GCC_OPTIMIZATION_LEVEL = 0;
				GCC_PREPROCESSOR_DEFINITIONS = (
					"DEBUG=1",
					"$(inherited)",
				);
				GCC_WARN_64_TO_32_BIT_CONVERSION = YES;
				GCC_WARN_ABOUT_RETURN_TYPE = YES_ERROR;
				GCC_WARN_UNDECLARED_SELECTOR = YES;
				GCC_WARN_UNINITIALIZED_AUTOS = YES_AGGRESSIVE;
				GCC_WARN_UNUSED_FUNCTION = YES;
				GCC_WARN_UNUSED_VARIABLE = YES;
				IPHONEOS_DEPLOYMENT_TARGET = 16.4;
				MTL_ENABLE_DEBUG_INFO = INCLUDE_SOURCE;
				MTL_FAST_MATH = YES;
				ONLY_ACTIVE_ARCH = YES;
				SDKROOT = iphoneos;
				SWIFT_ACTIVE_COMPILATION_CONDITIONS = DEBUG;
				SWIFT_OPTIMIZATION_LEVEL = "-Onone";
			};
			name = Debug;
		};
		84677BE52A8A9478002B6CDD /* Release */ = {
			isa = XCBuildConfiguration;
			buildSettings = {
				ALWAYS_SEARCH_USER_PATHS = NO;
				CLANG_ANALYZER_NONNULL = YES;
				CLANG_ANALYZER_NUMBER_OBJECT_CONVERSION = YES_AGGRESSIVE;
				CLANG_CXX_LANGUAGE_STANDARD = "gnu++20";
				CLANG_ENABLE_MODULES = YES;
				CLANG_ENABLE_OBJC_ARC = YES;
				CLANG_ENABLE_OBJC_WEAK = YES;
				CLANG_WARN_BLOCK_CAPTURE_AUTORELEASING = YES;
				CLANG_WARN_BOOL_CONVERSION = YES;
				CLANG_WARN_COMMA = YES;
				CLANG_WARN_CONSTANT_CONVERSION = YES;
				CLANG_WARN_DEPRECATED_OBJC_IMPLEMENTATIONS = YES;
				CLANG_WARN_DIRECT_OBJC_ISA_USAGE = YES_ERROR;
				CLANG_WARN_DOCUMENTATION_COMMENTS = YES;
				CLANG_WARN_EMPTY_BODY = YES;
				CLANG_WARN_ENUM_CONVERSION = YES;
				CLANG_WARN_INFINITE_RECURSION = YES;
				CLANG_WARN_INT_CONVERSION = YES;
				CLANG_WARN_NON_LITERAL_NULL_CONVERSION = YES;
				CLANG_WARN_OBJC_IMPLICIT_RETAIN_SELF = YES;
				CLANG_WARN_OBJC_LITERAL_CONVERSION = YES;
				CLANG_WARN_OBJC_ROOT_CLASS = YES_ERROR;
				CLANG_WARN_QUOTED_INCLUDE_IN_FRAMEWORK_HEADER = YES;
				CLANG_WARN_RANGE_LOOP_ANALYSIS = YES;
				CLANG_WARN_STRICT_PROTOTYPES = YES;
				CLANG_WARN_SUSPICIOUS_MOVE = YES;
				CLANG_WARN_UNGUARDED_AVAILABILITY = YES_AGGRESSIVE;
				CLANG_WARN_UNREACHABLE_CODE = YES;
				CLANG_WARN__DUPLICATE_METHOD_MATCH = YES;
				COPY_PHASE_STRIP = NO;
				DEBUG_INFORMATION_FORMAT = "dwarf-with-dsym";
				ENABLE_NS_ASSERTIONS = NO;
				ENABLE_STRICT_OBJC_MSGSEND = YES;
				GCC_C_LANGUAGE_STANDARD = gnu11;
				GCC_NO_COMMON_BLOCKS = YES;
				GCC_WARN_64_TO_32_BIT_CONVERSION = YES;
				GCC_WARN_ABOUT_RETURN_TYPE = YES_ERROR;
				GCC_WARN_UNDECLARED_SELECTOR = YES;
				GCC_WARN_UNINITIALIZED_AUTOS = YES_AGGRESSIVE;
				GCC_WARN_UNUSED_FUNCTION = YES;
				GCC_WARN_UNUSED_VARIABLE = YES;
				IPHONEOS_DEPLOYMENT_TARGET = 16.4;
				MTL_ENABLE_DEBUG_INFO = NO;
				MTL_FAST_MATH = YES;
				SDKROOT = iphoneos;
				SWIFT_COMPILATION_MODE = wholemodule;
				SWIFT_OPTIMIZATION_LEVEL = "-O";
				VALIDATE_PRODUCT = YES;
			};
			name = Release;
		};
		84677BE72A8A9478002B6CDD /* Debug */ = {
			isa = XCBuildConfiguration;
			baseConfigurationReference = E5D714B659A7FF4280820B0E /* Pods-MGEventApp.debug.xcconfig */;
			buildSettings = {
				ASSETCATALOG_COMPILER_APPICON_NAME = AppIcon;
				ASSETCATALOG_COMPILER_GLOBAL_ACCENT_COLOR_NAME = AccentColor;
				CODE_SIGN_STYLE = Automatic;
				CURRENT_PROJECT_VERSION = 1;
				DEVELOPMENT_TEAM = HSYS6LMUSC;
				GENERATE_INFOPLIST_FILE = YES;
				INFOPLIST_FILE = MGEventApp/Info.plist;
				INFOPLIST_KEY_UIApplicationSupportsIndirectInputEvents = YES;
				INFOPLIST_KEY_UILaunchStoryboardName = LaunchScreen;
				INFOPLIST_KEY_UIMainStoryboardFile = Main;
				INFOPLIST_KEY_UISupportedInterfaceOrientations_iPad = "UIInterfaceOrientationPortrait UIInterfaceOrientationPortraitUpsideDown UIInterfaceOrientationLandscapeLeft UIInterfaceOrientationLandscapeRight";
				INFOPLIST_KEY_UISupportedInterfaceOrientations_iPhone = "UIInterfaceOrientationPortrait UIInterfaceOrientationLandscapeLeft UIInterfaceOrientationLandscapeRight";
				LD_RUNPATH_SEARCH_PATHS = (
					"$(inherited)",
					"@executable_path/Frameworks",
				);
				MARKETING_VERSION = 1.0;
				PRODUCT_BUNDLE_IDENTIFIER = com.mgeventapp.com.MGEventApp.MGEventApp;
				PRODUCT_NAME = "$(TARGET_NAME)";
				SWIFT_EMIT_LOC_STRINGS = YES;
				SWIFT_VERSION = 5.0;
				TARGETED_DEVICE_FAMILY = "1,2";
			};
			name = Debug;
		};
		84677BE82A8A9478002B6CDD /* Release */ = {
			isa = XCBuildConfiguration;
			baseConfigurationReference = 1F78D616AD9AD67F64F6944D /* Pods-MGEventApp.release.xcconfig */;
			buildSettings = {
				ASSETCATALOG_COMPILER_APPICON_NAME = AppIcon;
				ASSETCATALOG_COMPILER_GLOBAL_ACCENT_COLOR_NAME = AccentColor;
				CODE_SIGN_STYLE = Automatic;
				CURRENT_PROJECT_VERSION = 1;
				DEVELOPMENT_TEAM = HSYS6LMUSC;
				GENERATE_INFOPLIST_FILE = YES;
				INFOPLIST_FILE = MGEventApp/Info.plist;
				INFOPLIST_KEY_UIApplicationSupportsIndirectInputEvents = YES;
				INFOPLIST_KEY_UILaunchStoryboardName = LaunchScreen;
				INFOPLIST_KEY_UIMainStoryboardFile = Main;
				INFOPLIST_KEY_UISupportedInterfaceOrientations_iPad = "UIInterfaceOrientationPortrait UIInterfaceOrientationPortraitUpsideDown UIInterfaceOrientationLandscapeLeft UIInterfaceOrientationLandscapeRight";
				INFOPLIST_KEY_UISupportedInterfaceOrientations_iPhone = "UIInterfaceOrientationPortrait UIInterfaceOrientationLandscapeLeft UIInterfaceOrientationLandscapeRight";
				LD_RUNPATH_SEARCH_PATHS = (
					"$(inherited)",
					"@executable_path/Frameworks",
				);
				MARKETING_VERSION = 1.0;
				PRODUCT_BUNDLE_IDENTIFIER = com.mgeventapp.com.MGEventApp.MGEventApp;
				PRODUCT_NAME = "$(TARGET_NAME)";
				SWIFT_EMIT_LOC_STRINGS = YES;
				SWIFT_VERSION = 5.0;
				TARGETED_DEVICE_FAMILY = "1,2";
			};
			name = Release;
		};
/* End XCBuildConfiguration section */

/* Begin XCConfigurationList section */
		84677BCA2A8A9477002B6CDD /* Build configuration list for PBXProject "MGEventApp" */ = {
			isa = XCConfigurationList;
			buildConfigurations = (
				84677BE42A8A9478002B6CDD /* Debug */,
				84677BE52A8A9478002B6CDD /* Release */,
			);
			defaultConfigurationIsVisible = 0;
			defaultConfigurationName = Release;
		};
		84677BE62A8A9478002B6CDD /* Build configuration list for PBXNativeTarget "MGEventApp" */ = {
			isa = XCConfigurationList;
			buildConfigurations = (
				84677BE72A8A9478002B6CDD /* Debug */,
				84677BE82A8A9478002B6CDD /* Release */,
			);
			defaultConfigurationIsVisible = 0;
			defaultConfigurationName = Release;
		};
/* End XCConfigurationList section */

/* Begin XCRemoteSwiftPackageReference section */
		8411737C2A8B7F330051D99F /* XCRemoteSwiftPackageReference "realm-swift" */ = {
			isa = XCRemoteSwiftPackageReference;
			repositoryURL = "https://github.com/realm/realm-swift.git";
			requirement = {
				branch = master;
				kind = branch;
			};
		};
/* End XCRemoteSwiftPackageReference section */

/* Begin XCSwiftPackageProductDependency section */
		8411737D2A8B7F330051D99F /* Realm */ = {
			isa = XCSwiftPackageProductDependency;
			package = 8411737C2A8B7F330051D99F /* XCRemoteSwiftPackageReference "realm-swift" */;
			productName = Realm;
		};
		8411737F2A8B7F330051D99F /* RealmSwift */ = {
			isa = XCSwiftPackageProductDependency;
			package = 8411737C2A8B7F330051D99F /* XCRemoteSwiftPackageReference "realm-swift" */;
			productName = RealmSwift;
		};
/* End XCSwiftPackageProductDependency section */

/* Begin XCVersionGroup section */
		84677BDB2A8A9477002B6CDD /* MGEventApp.xcdatamodeld */ = {
			isa = XCVersionGroup;
			children = (
				84677BDC2A8A9477002B6CDD /* MGEventApp.xcdatamodel */,
			);
			currentVersion = 84677BDC2A8A9477002B6CDD /* MGEventApp.xcdatamodel */;
			path = MGEventApp.xcdatamodeld;
			sourceTree = "<group>";
			versionGroupType = wrapper.xcdatamodel;
		};
/* End XCVersionGroup section */
	};
	rootObject = 84677BC72A8A9477002B6CDD /* Project object */;
}
